
Microsoft Visual Studio Solution File, Format Version 12.00
# Visual Studio 2015
Project("{FAE04EC0-301F-11D3-BF4B-00C04F79EFBC}") = "Puzzler.CSharp", "Puzzler.CSharp.csproj", "{2C7C2882-548C-E35E-6260-0ADD360279CE}"
EndProject
Project("{FAE04EC0-301F-11D3-BF4B-00C04F79EFBC}") = "Puzzler.CSharp.Editor", "Puzzler.CSharp.Editor.csproj", "{1AD9ED72-C4D0-C882-5CB1-4CF696157744}"
EndProject
Global
	GlobalSection(SolutionConfigurationPlatforms) = preSolution
		Debug|Any CPU = Debug|Any CPU
		Release|Any CPU = Release|Any CPU
	EndGlobalSection
	GlobalSection(ProjectConfigurationPlatforms) = postSolution
		{2C7C2882-548C-E35E-6260-0ADD360279CE}.Debug|Any CPU.ActiveCfg = Debug|Any CPU
		{2C7C2882-548C-E35E-6260-0ADD360279CE}.Debug|Any CPU.Build.0 = Debug|Any CPU
		{2C7C2882-548C-E35E-6260-0ADD360279CE}.Release|Any CPU.ActiveCfg = Release|Any CPU
		{2C7C2882-548C-E35E-6260-0ADD360279CE}.Release|Any CPU.Build.0 = Release|Any CPU
		{1AD9ED72-C4D0-C882-5CB1-4CF696157744}.Debug|Any CPU.ActiveCfg = Debug|Any CPU
		{1AD9ED72-C4D0-C882-5CB1-4CF696157744}.Debug|Any CPU.Build.0 = Debug|Any CPU
		{1AD9ED72-C4D0-C882-5CB1-4CF696157744}.Release|Any CPU.ActiveCfg = Release|Any CPU
		{1AD9ED72-C4D0-C882-5CB1-4CF696157744}.Release|Any CPU.Build.0 = Release|Any CPU
	EndGlobalSection
	GlobalSection(SolutionProperties) = preSolution
		HideSolutionNode = FALSE
	EndGlobalSection
EndGlobal
